
Microsoft Visual Studio Solution File, Format Version 12.00
# Visual Studio Version 17
VisualStudioVersion = 17.14.36310.24
MinimumVisualStudioVersion = 10.0.40219.1
Project("{FAE04EC0-301F-11D3-BF4B-00C04F79EFBC}") = "TaskManagerApp", "TaskManagerApp\TaskManagerApp.csproj", "{5812FFEC-15FA-45C0-A873-F5CAA9CC7423}"
EndProject
Project("{FAE04EC0-301F-11D3-BF4B-00C04F79EFBC}") = "TaskManagerWpf", "TaskManagerWpf\TaskManagerWpf.csproj", "{81188358-5D25-4C9A-9513-6F22CD4B09C9}"
EndProject
Global
	GlobalSection(SolutionConfigurationPlatforms) = preSolution
		Debug|Any CPU = Debug|Any CPU
		Release|Any CPU = Release|Any CPU
	EndGlobalSection
	GlobalSection(ProjectConfigurationPlatforms) = postSolution
		{5812FFEC-15FA-45C0-A873-F5CAA9CC7423}.Debug|Any CPU.ActiveCfg = Debug|Any CPU
		{5812FFEC-15FA-45C0-A873-F5CAA9CC7423}.Debug|Any CPU.Build.0 = Debug|Any CPU
		{5812FFEC-15FA-45C0-A873-F5CAA9CC7423}.Release|Any CPU.ActiveCfg = Release|Any CPU
		{5812FFEC-15FA-45C0-A873-F5CAA9CC7423}.Release|Any CPU.Build.0 = Release|Any CPU
		{81188358-5D25-4C9A-9513-6F22CD4B09C9}.Debug|Any CPU.ActiveCfg = Debug|Any CPU
		{81188358-5D25-4C9A-9513-6F22CD4B09C9}.Debug|Any CPU.Build.0 = Debug|Any CPU
		{81188358-5D25-4C9A-9513-6F22CD4B09C9}.Release|Any CPU.ActiveCfg = Release|Any CPU
		{81188358-5D25-4C9A-9513-6F22CD4B09C9}.Release|Any CPU.Build.0 = Release|Any CPU
	EndGlobalSection
	GlobalSection(SolutionProperties) = preSolution
		HideSolutionNode = FALSE
	EndGlobalSection
	GlobalSection(ExtensibilityGlobals) = postSolution
		SolutionGuid = {3ACC6C3A-1924-4863-8C7C-D1AB56F0F060}
	EndGlobalSection
EndGlobal
